
Microsoft Visual Studio Solution File, Format Version 12.00
# Visual Studio Version 17
VisualStudioVersion = 17.13.35825.156
MinimumVisualStudioVersion = 10.0.40219.1
Project("{FAE04EC0-301F-11D3-BF4B-00C04F79EFBC}") = "DlcvDemo", "DlcvDemo\DlcvDemo.csproj", "{948F3CAC-2D10-4B59-947C-8D00C7B9198A}"
EndProject
Project("{FAE04EC0-301F-11D3-BF4B-00C04F79EFBC}") = "PressureTestRunner", "PressureTestRunner\PressureTestRunner.csproj", "{980F03F3-3648-4160-BF60-9668C7701785}"
EndProject
Project("{FAE04EC0-301F-11D3-BF4B-00C04F79EFBC}") = "DlcvModelRPC", "DlcvModelRPC\DlcvModelRPC.csproj", "{1E3D9C3B-7E8D-4E5F-B62A-1D8E9E6B3D2A}"
EndProject
Project("{FAE04EC0-301F-11D3-BF4B-00C04F79EFBC}") = "PressureTestRunnerTest", "PressureTestRunnerTest\PressureTestRunnerTest.csproj", "{7C585718-40FE-41D3-A286-61C47D8AE827}"
	ProjectSection(ProjectDependencies) = postProject
		{980F03F3-3648-4160-BF60-9668C7701785} = {980F03F3-3648-4160-BF60-9668C7701785}
	EndProjectSection
EndProject
Project("{FAE04EC0-301F-11D3-BF4B-00C04F79EFBC}") = "SimpleLogger", "SimpleLogger\SimpleLogger.csproj", "{D202AD70-EA12-4662-AB14-E246250802D2}"
EndProject
Project("{FAE04EC0-301F-11D3-BF4B-00C04F79EFBC}") = "SimpleLoggerTest", "SimpleLoggerTest\SimpleLoggerTest.csproj", "{5A5DD935-AF52-4238-847E-4424EFEC4D40}"
EndProject
Project("{FAE04EC0-301F-11D3-BF4B-00C04F79EFBC}") = "DlcvHttpApi", "DlcvHttpApi\DlcvHttpApi.csproj", "{DFC732A4-410A-453D-9790-30A4358D69BD}"
EndProject
Project("{FAE04EC0-301F-11D3-BF4B-00C04F79EFBC}") = "DlcvHttpApiTest", "DlcvHttpApiTest\DlcvHttpApiTest.csproj", "{57677B25-10F3-4156-B496-C95E21AC8B03}"
EndProject
Project("{2150E333-8FDC-42A3-9474-1A3956D46DE8}") = "DLCV", "DLCV", "{BE12AF77-F4C0-4DAC-9DBF-06BB2D9F8F74}"
EndProject
Project("{FAE04EC0-301F-11D3-BF4B-00C04F79EFBC}") = "CameraManager", "CameraManager\CameraManager.csproj", "{95C65B05-701A-443B-B7D1-2C0DD9A57811}"
EndProject
Project("{FAE04EC0-301F-11D3-BF4B-00C04F79EFBC}") = "CameraManagerTest", "CameraManagerTest\CameraManagerTest.csproj", "{23341F21-8781-472E-8D93-983224C8A248}"
EndProject
Project("{2150E333-8FDC-42A3-9474-1A3956D46DE8}") = "Test", "Test", "{E80043D7-0F8B-407E-86DF-F8789A514C45}"
EndProject
Project("{FAE04EC0-301F-11D3-BF4B-00C04F79EFBC}") = "ImageViewer", "ImageViewer\ImageViewer.csproj", "{E11DDCC6-84D1-4CAF-9534-2266651E7787}"
EndProject
Project("{FAE04EC0-301F-11D3-BF4B-00C04F79EFBC}") = "ModbusTest", "ModbusTest\ModbusTest.csproj", "{4D20190F-2307-4B9D-9536-14A4F046B72B}"
EndProject
Project("{FAE04EC0-301F-11D3-BF4B-00C04F79EFBC}") = "ModbusApi", "ModbusApi\ModbusApi.csproj", "{70A89CE8-ADE7-42DF-9762-19A896BE3C1F}"
EndProject
Project("{FAE04EC0-301F-11D3-BF4B-00C04F79EFBC}") = "OpenIVS", "OpenIVSWPF\OpenIVS.csproj", "{A84EE213-5E39-4977-867E-EFD385841326}"
EndProject
Project("{2150E333-8FDC-42A3-9474-1A3956D46DE8}") = "HalconDemo", "HalconDemo", "{02EA681E-C7D8-13C7-8484-4AC65E1B71E8}"
EndProject
Project("{FAE04EC0-301F-11D3-BF4B-00C04F79EFBC}") = "HalconToMatDemo", "HalconToMatDemo\HalconToMatDemo.csproj", "{A28EC5D6-D5E4-4CEE-83E0-53D1ACFE319B}"
EndProject
Project("{FAE04EC0-301F-11D3-BF4B-00C04F79EFBC}") = "DlcvCsharpApi", "DlcvCsharpApi\DlcvCsharpApi.csproj", "{73D82DBE-59D3-46F9-A8B3-87E13EB220EC}"
EndProject
Project("{FAE04EC0-301F-11D3-BF4B-00C04F79EFBC}") = "HalconDemo", "HalconDemo\HalconDemo.csproj", "{2143B798-C3C9-4532-9AD2-EB0C209E7FDA}"
EndProject
Project("{FAE04EC0-301F-11D3-BF4B-00C04F79EFBC}") = "MultiCameraTest", "MultiCameraTest\MultiCameraTest.csproj", "{0805421F-5062-4760-90B0-255C5A131588}"
EndProject
Project("{FAE04EC0-301F-11D3-BF4B-00C04F79EFBC}") = "OCRTest", "OCRTest\OCRTest.csproj", "{A01EBA1E-2785-414A-9900-2646D2CB8E33}"
	ProjectSection(ProjectDependencies) = postProject
		{73D82DBE-59D3-46F9-A8B3-87E13EB220EC} = {73D82DBE-59D3-46F9-A8B3-87E13EB220EC}
		{980F03F3-3648-4160-BF60-9668C7701785} = {980F03F3-3648-4160-BF60-9668C7701785}
		{E11DDCC6-84D1-4CAF-9534-2266651E7787} = {E11DDCC6-84D1-4CAF-9534-2266651E7787}
	EndProjectSection
EndProject
Project("{FAE04EC0-301F-11D3-BF4B-00C04F79EFBC}") = "DlcvDvpHttpApi", "DlcvDvpHttpApi\DlcvDvpHttpApi.csproj", "{DB7C8281-BDB3-46D9-98F0-40559943CA39}"
EndProject
Project("{FAE04EC0-301F-11D3-BF4B-00C04F79EFBC}") = "DlcvDvpHttpApiTest", "DlcvDvpHttpApiTest\DlcvDvpHttpApiTest.csproj", "{BB2F0FB1-E0F7-4E6B-B624-4847FFF7F4B5}"
EndProject
Project("{FAE04EC0-301F-11D3-BF4B-00C04F79EFBC}") = "MiniAreaDemo", "MiniAreaDemo\MiniAreaDemo.csproj", "{8A7D124C-54E6-47B2-B1EF-4A6A62395AC9}"
EndProject
Project("{FAE04EC0-301F-11D3-BF4B-00C04F79EFBC}") = "DlcvTest", "DlcvTest\DlcvTest.csproj", "{4361228C-0A82-C883-86B5-1D7ECCAA46F1}"
EndProject
Global
	GlobalSection(SolutionConfigurationPlatforms) = preSolution
		Debug|x64 = Debug|x64
		Release|x64 = Release|x64
	EndGlobalSection
	GlobalSection(ProjectConfigurationPlatforms) = postSolution
		{948F3CAC-2D10-4B59-947C-8D00C7B9198A}.Debug|x64.ActiveCfg = Debug|x64
		{948F3CAC-2D10-4B59-947C-8D00C7B9198A}.Debug|x64.Build.0 = Debug|x64
		{948F3CAC-2D10-4B59-947C-8D00C7B9198A}.Release|x64.ActiveCfg = Release|x64
		{948F3CAC-2D10-4B59-947C-8D00C7B9198A}.Release|x64.Build.0 = Release|x64
		{980F03F3-3648-4160-BF60-9668C7701785}.Debug|x64.ActiveCfg = Debug|x64
		{980F03F3-3648-4160-BF60-9668C7701785}.Debug|x64.Build.0 = Debug|x64
		{980F03F3-3648-4160-BF60-9668C7701785}.Release|x64.ActiveCfg = Release|x64
		{980F03F3-3648-4160-BF60-9668C7701785}.Release|x64.Build.0 = Release|x64
		{1E3D9C3B-7E8D-4E5F-B62A-1D8E9E6B3D2A}.Debug|x64.ActiveCfg = Debug|x64
		{1E3D9C3B-7E8D-4E5F-B62A-1D8E9E6B3D2A}.Debug|x64.Build.0 = Debug|x64
		{1E3D9C3B-7E8D-4E5F-B62A-1D8E9E6B3D2A}.Release|x64.ActiveCfg = Release|x64
		{1E3D9C3B-7E8D-4E5F-B62A-1D8E9E6B3D2A}.Release|x64.Build.0 = Release|x64
		{7C585718-40FE-41D3-A286-61C47D8AE827}.Debug|x64.ActiveCfg = Debug|x64
		{7C585718-40FE-41D3-A286-61C47D8AE827}.Debug|x64.Build.0 = Debug|x64
		{7C585718-40FE-41D3-A286-61C47D8AE827}.Release|x64.ActiveCfg = Release|x64
		{7C585718-40FE-41D3-A286-61C47D8AE827}.Release|x64.Build.0 = Release|x64
		{D202AD70-EA12-4662-AB14-E246250802D2}.Debug|x64.ActiveCfg = Debug|x64
		{D202AD70-EA12-4662-AB14-E246250802D2}.Debug|x64.Build.0 = Debug|x64
		{D202AD70-EA12-4662-AB14-E246250802D2}.Release|x64.ActiveCfg = Release|x64
		{5A5DD935-AF52-4238-847E-4424EFEC4D40}.Debug|x64.ActiveCfg = Debug|x64
		{5A5DD935-AF52-4238-847E-4424EFEC4D40}.Debug|x64.Build.0 = Debug|x64
		{5A5DD935-AF52-4238-847E-4424EFEC4D40}.Release|x64.ActiveCfg = Release|x64
		{DFC732A4-410A-453D-9790-30A4358D69BD}.Debug|x64.ActiveCfg = Debug|x64
		{DFC732A4-410A-453D-9790-30A4358D69BD}.Debug|x64.Build.0 = Debug|x64
		{DFC732A4-410A-453D-9790-30A4358D69BD}.Release|x64.ActiveCfg = Release|x64
		{57677B25-10F3-4156-B496-C95E21AC8B03}.Debug|x64.ActiveCfg = Debug|x64
		{57677B25-10F3-4156-B496-C95E21AC8B03}.Debug|x64.Build.0 = Debug|x64
		{57677B25-10F3-4156-B496-C95E21AC8B03}.Release|x64.ActiveCfg = Release|x64
		{95C65B05-701A-443B-B7D1-2C0DD9A57811}.Debug|x64.ActiveCfg = Debug|x64
		{95C65B05-701A-443B-B7D1-2C0DD9A57811}.Debug|x64.Build.0 = Debug|x64
		{95C65B05-701A-443B-B7D1-2C0DD9A57811}.Release|x64.ActiveCfg = Release|x64
		{23341F21-8781-472E-8D93-983224C8A248}.Debug|x64.ActiveCfg = Debug|x64
		{23341F21-8781-472E-8D93-983224C8A248}.Debug|x64.Build.0 = Debug|x64
		{23341F21-8781-472E-8D93-983224C8A248}.Release|x64.ActiveCfg = Release|x64
		{E11DDCC6-84D1-4CAF-9534-2266651E7787}.Debug|x64.ActiveCfg = Debug|x64
		{E11DDCC6-84D1-4CAF-9534-2266651E7787}.Debug|x64.Build.0 = Debug|x64
		{E11DDCC6-84D1-4CAF-9534-2266651E7787}.Release|x64.ActiveCfg = Release|x64
		{4D20190F-2307-4B9D-9536-14A4F046B72B}.Debug|x64.ActiveCfg = Debug|x64
		{4D20190F-2307-4B9D-9536-14A4F046B72B}.Debug|x64.Build.0 = Debug|x64
		{4D20190F-2307-4B9D-9536-14A4F046B72B}.Release|x64.ActiveCfg = Release|x64
		{70A89CE8-ADE7-42DF-9762-19A896BE3C1F}.Debug|x64.ActiveCfg = Debug|x64
		{70A89CE8-ADE7-42DF-9762-19A896BE3C1F}.Debug|x64.Build.0 = Debug|x64
		{70A89CE8-ADE7-42DF-9762-19A896BE3C1F}.Release|x64.ActiveCfg = Release|x64
		{A84EE213-5E39-4977-867E-EFD385841326}.Debug|x64.ActiveCfg = Debug|x64
		{A84EE213-5E39-4977-867E-EFD385841326}.Debug|x64.Build.0 = Debug|x64
		{A84EE213-5E39-4977-867E-EFD385841326}.Release|x64.ActiveCfg = Release|x64
		{A28EC5D6-D5E4-4CEE-83E0-53D1ACFE319B}.Debug|x64.ActiveCfg = Debug|x64
		{A28EC5D6-D5E4-4CEE-83E0-53D1ACFE319B}.Debug|x64.Build.0 = Debug|x64
		{A28EC5D6-D5E4-4CEE-83E0-53D1ACFE319B}.Release|x64.ActiveCfg = Release|x64
		{73D82DBE-59D3-46F9-A8B3-87E13EB220EC}.Debug|x64.ActiveCfg = Debug|x64
		{73D82DBE-59D3-46F9-A8B3-87E13EB220EC}.Debug|x64.Build.0 = Debug|x64
		{73D82DBE-59D3-46F9-A8B3-87E13EB220EC}.Release|x64.ActiveCfg = Release|x64
		{2143B798-C3C9-4532-9AD2-EB0C209E7FDA}.Debug|x64.ActiveCfg = Debug|x64
		{2143B798-C3C9-4532-9AD2-EB0C209E7FDA}.Debug|x64.Build.0 = Debug|x64
		{2143B798-C3C9-4532-9AD2-EB0C209E7FDA}.Release|x64.ActiveCfg = Release|x64
		{0805421F-5062-4760-90B0-255C5A131588}.Debug|x64.ActiveCfg = Debug|x64
		{0805421F-5062-4760-90B0-255C5A131588}.Debug|x64.Build.0 = Debug|x64
		{0805421F-5062-4760-90B0-255C5A131588}.Release|x64.ActiveCfg = Release|x64
		{A01EBA1E-2785-414A-9900-2646D2CB8E33}.Debug|x64.ActiveCfg = Debug|x64
		{A01EBA1E-2785-414A-9900-2646D2CB8E33}.Debug|x64.Build.0 = Debug|x64
		{A01EBA1E-2785-414A-9900-2646D2CB8E33}.Release|x64.ActiveCfg = Release|x64
		{DB7C8281-BDB3-46D9-98F0-40559943CA39}.Debug|x64.ActiveCfg = Debug|x64
		{DB7C8281-BDB3-46D9-98F0-40559943CA39}.Debug|x64.Build.0 = Debug|x64
		{DB7C8281-BDB3-46D9-98F0-40559943CA39}.Release|x64.ActiveCfg = Release|x64
		{BB2F0FB1-E0F7-4E6B-B624-4847FFF7F4B5}.Debug|x64.ActiveCfg = Debug|x64
		{BB2F0FB1-E0F7-4E6B-B624-4847FFF7F4B5}.Debug|x64.Build.0 = Debug|x64
		{BB2F0FB1-E0F7-4E6B-B624-4847FFF7F4B5}.Release|x64.ActiveCfg = Release|Any CPU
		{BB2F0FB1-E0F7-4E6B-B624-4847FFF7F4B5}.Release|x64.Build.0 = Release|Any CPU
		{8A7D124C-54E6-47B2-B1EF-4A6A62395AC9}.Debug|x64.ActiveCfg = Debug|x64
		{8A7D124C-54E6-47B2-B1EF-4A6A62395AC9}.Debug|x64.Build.0 = Debug|x64
		{8A7D124C-54E6-47B2-B1EF-4A6A62395AC9}.Release|x64.ActiveCfg = Release|x64
		{8A7D124C-54E6-47B2-B1EF-4A6A62395AC9}.Release|x64.Build.0 = Release|x64
		{4361228C-0A82-C883-86B5-1D7ECCAA46F1}.Debug|x64.ActiveCfg = Debug|x64
		{4361228C-0A82-C883-86B5-1D7ECCAA46F1}.Debug|x64.Build.0 = Debug|x64
		{4361228C-0A82-C883-86B5-1D7ECCAA46F1}.Release|x64.ActiveCfg = Release|x64
		{4361228C-0A82-C883-86B5-1D7ECCAA46F1}.Release|x64.Build.0 = Release|x64
	EndGlobalSection
	GlobalSection(SolutionProperties) = preSolution
		HideSolutionNode = FALSE
	EndGlobalSection
	GlobalSection(NestedProjects) = preSolution
		{980F03F3-3648-4160-BF60-9668C7701785} = {BE12AF77-F4C0-4DAC-9DBF-06BB2D9F8F74}
		{1E3D9C3B-7E8D-4E5F-B62A-1D8E9E6B3D2A} = {BE12AF77-F4C0-4DAC-9DBF-06BB2D9F8F74}
		{7C585718-40FE-41D3-A286-61C47D8AE827} = {E80043D7-0F8B-407E-86DF-F8789A514C45}
		{D202AD70-EA12-4662-AB14-E246250802D2} = {BE12AF77-F4C0-4DAC-9DBF-06BB2D9F8F74}
		{5A5DD935-AF52-4238-847E-4424EFEC4D40} = {E80043D7-0F8B-407E-86DF-F8789A514C45}
		{DFC732A4-410A-453D-9790-30A4358D69BD} = {BE12AF77-F4C0-4DAC-9DBF-06BB2D9F8F74}
		{57677B25-10F3-4156-B496-C95E21AC8B03} = {E80043D7-0F8B-407E-86DF-F8789A514C45}
		{95C65B05-701A-443B-B7D1-2C0DD9A57811} = {BE12AF77-F4C0-4DAC-9DBF-06BB2D9F8F74}
		{23341F21-8781-472E-8D93-983224C8A248} = {E80043D7-0F8B-407E-86DF-F8789A514C45}
		{E11DDCC6-84D1-4CAF-9534-2266651E7787} = {BE12AF77-F4C0-4DAC-9DBF-06BB2D9F8F74}
		{4D20190F-2307-4B9D-9536-14A4F046B72B} = {E80043D7-0F8B-407E-86DF-F8789A514C45}
		{70A89CE8-ADE7-42DF-9762-19A896BE3C1F} = {BE12AF77-F4C0-4DAC-9DBF-06BB2D9F8F74}
		{A28EC5D6-D5E4-4CEE-83E0-53D1ACFE319B} = {02EA681E-C7D8-13C7-8484-4AC65E1B71E8}
		{73D82DBE-59D3-46F9-A8B3-87E13EB220EC} = {BE12AF77-F4C0-4DAC-9DBF-06BB2D9F8F74}
		{2143B798-C3C9-4532-9AD2-EB0C209E7FDA} = {02EA681E-C7D8-13C7-8484-4AC65E1B71E8}
		{0805421F-5062-4760-90B0-255C5A131588} = {E80043D7-0F8B-407E-86DF-F8789A514C45}
		{A01EBA1E-2785-414A-9900-2646D2CB8E33} = {E80043D7-0F8B-407E-86DF-F8789A514C45}
		{DB7C8281-BDB3-46D9-98F0-40559943CA39} = {BE12AF77-F4C0-4DAC-9DBF-06BB2D9F8F74}
		{BB2F0FB1-E0F7-4E6B-B624-4847FFF7F4B5} = {E80043D7-0F8B-407E-86DF-F8789A514C45}
		{8A7D124C-54E6-47B2-B1EF-4A6A62395AC9} = {E80043D7-0F8B-407E-86DF-F8789A514C45}
	EndGlobalSection
	GlobalSection(ExtensibilityGlobals) = postSolution
		SolutionGuid = {ECC568E3-465E-4300-ADD1-27469BDF798F}
	EndGlobalSection
EndGlobal
